
Microsoft Visual Studio Solution File, Format Version 12.00
# Visual Studio Version 16
VisualStudioVersion = 16.0.30011.22
MinimumVisualStudioVersion = 10.0.40219.1
Project("{9A19103F-16F7-4668-BE54-9A1E7A4F7556}") = "BenchmarkArraySetIdea", "BenchmarkArraySetIdea\BenchmarkArraySetIdea.csproj", "{E123EE31-5182-4D7D-98EC-B5A60389F112}"
EndProject
Project("{6EC3EE1D-3C4E-46DD-8F32-0CC8E7565705}") = "KeySet", "KeySet\KeySet.fsproj", "{5C6BD434-06C6-4A9C-BD3E-B50997BFBE49}"
EndProject
Project("{6EC3EE1D-3C4E-46DD-8F32-0CC8E7565705}") = "Testing", "Testing\Testing.fsproj", "{9EE5AB5A-6197-40F4-89EF-6043B36AB402}"
EndProject
Global
	GlobalSection(SolutionConfigurationPlatforms) = preSolution
		Debug|Any CPU = Debug|Any CPU
		Debug|x64 = Debug|x64
		Release|Any CPU = Release|Any CPU
		Release|x64 = Release|x64
	EndGlobalSection
	GlobalSection(ProjectConfigurationPlatforms) = postSolution
		{E123EE31-5182-4D7D-98EC-B5A60389F112}.Debug|Any CPU.ActiveCfg = Debug|Any CPU
		{E123EE31-5182-4D7D-98EC-B5A60389F112}.Debug|Any CPU.Build.0 = Debug|Any CPU
		{E123EE31-5182-4D7D-98EC-B5A60389F112}.Debug|x64.ActiveCfg = Debug|x64
		{E123EE31-5182-4D7D-98EC-B5A60389F112}.Debug|x64.Build.0 = Debug|x64
		{E123EE31-5182-4D7D-98EC-B5A60389F112}.Release|Any CPU.ActiveCfg = Release|Any CPU
		{E123EE31-5182-4D7D-98EC-B5A60389F112}.Release|Any CPU.Build.0 = Release|Any CPU
		{E123EE31-5182-4D7D-98EC-B5A60389F112}.Release|x64.ActiveCfg = Release|x64
		{E123EE31-5182-4D7D-98EC-B5A60389F112}.Release|x64.Build.0 = Release|x64
		{5C6BD434-06C6-4A9C-BD3E-B50997BFBE49}.Debug|Any CPU.ActiveCfg = Debug|Any CPU
		{5C6BD434-06C6-4A9C-BD3E-B50997BFBE49}.Debug|Any CPU.Build.0 = Debug|Any CPU
		{5C6BD434-06C6-4A9C-BD3E-B50997BFBE49}.Debug|x64.ActiveCfg = Debug|x64
		{5C6BD434-06C6-4A9C-BD3E-B50997BFBE49}.Debug|x64.Build.0 = Debug|x64
		{5C6BD434-06C6-4A9C-BD3E-B50997BFBE49}.Release|Any CPU.ActiveCfg = Release|Any CPU
		{5C6BD434-06C6-4A9C-BD3E-B50997BFBE49}.Release|Any CPU.Build.0 = Release|Any CPU
		{5C6BD434-06C6-4A9C-BD3E-B50997BFBE49}.Release|x64.ActiveCfg = Release|x64
		{5C6BD434-06C6-4A9C-BD3E-B50997BFBE49}.Release|x64.Build.0 = Release|x64
		{9EE5AB5A-6197-40F4-89EF-6043B36AB402}.Debug|Any CPU.ActiveCfg = Debug|Any CPU
		{9EE5AB5A-6197-40F4-89EF-6043B36AB402}.Debug|Any CPU.Build.0 = Debug|Any CPU
		{9EE5AB5A-6197-40F4-89EF-6043B36AB402}.Debug|x64.ActiveCfg = Debug|x64
		{9EE5AB5A-6197-40F4-89EF-6043B36AB402}.Debug|x64.Build.0 = Debug|x64
		{9EE5AB5A-6197-40F4-89EF-6043B36AB402}.Release|Any CPU.ActiveCfg = Release|Any CPU
		{9EE5AB5A-6197-40F4-89EF-6043B36AB402}.Release|Any CPU.Build.0 = Release|Any CPU
		{9EE5AB5A-6197-40F4-89EF-6043B36AB402}.Release|x64.ActiveCfg = Release|x64
		{9EE5AB5A-6197-40F4-89EF-6043B36AB402}.Release|x64.Build.0 = Release|x64
	EndGlobalSection
	GlobalSection(SolutionProperties) = preSolution
		HideSolutionNode = FALSE
	EndGlobalSection
	GlobalSection(ExtensibilityGlobals) = postSolution
		SolutionGuid = {65D7E8DE-9AB1-4C7C-9B08-D22503BF762A}
	EndGlobalSection
EndGlobal
