
Microsoft Visual Studio Solution File, Format Version 12.00
# Visual Studio Version 16
VisualStudioVersion = 16.0.30011.22
MinimumVisualStudioVersion = 10.0.40219.1
Project("{FAE04EC0-301F-11D3-BF4B-00C04F79EFBC}") = "BenchmarkArraySetIdea", "BenchmarkArraySetIdea\BenchmarkArraySetIdea.csproj", "{E123EE31-5182-4D7D-98EC-B5A60389F112}"
EndProject
Project("{F2A71F9B-5D33-465A-A702-920D77279786}") = "KeySet", "KeySet\KeySet.fsproj", "{5C6BD434-06C6-4A9C-BD3E-B50997BFBE49}"
EndProject
Project("{F2A71F9B-5D33-465A-A702-920D77279786}") = "Testing", "Testing\Testing.fsproj", "{9EE5AB5A-6197-40F4-89EF-6043B36AB402}"
EndProject
Global
	GlobalSection(SolutionConfigurationPlatforms) = preSolution
		Debug|Any CPU = Debug|Any CPU
		Release|Any CPU = Release|Any CPU
	EndGlobalSection
	GlobalSection(ProjectConfigurationPlatforms) = postSolution
		{E123EE31-5182-4D7D-98EC-B5A60389F112}.Debug|Any CPU.ActiveCfg = Debug|Any CPU
		{E123EE31-5182-4D7D-98EC-B5A60389F112}.Debug|Any CPU.Build.0 = Debug|Any CPU
		{E123EE31-5182-4D7D-98EC-B5A60389F112}.Release|Any CPU.ActiveCfg = Release|Any CPU
		{E123EE31-5182-4D7D-98EC-B5A60389F112}.Release|Any CPU.Build.0 = Release|Any CPU
		{5C6BD434-06C6-4A9C-BD3E-B50997BFBE49}.Debug|Any CPU.ActiveCfg = Debug|Any CPU
		{5C6BD434-06C6-4A9C-BD3E-B50997BFBE49}.Debug|Any CPU.Build.0 = Debug|Any CPU
		{5C6BD434-06C6-4A9C-BD3E-B50997BFBE49}.Release|Any CPU.ActiveCfg = Release|Any CPU
		{5C6BD434-06C6-4A9C-BD3E-B50997BFBE49}.Release|Any CPU.Build.0 = Release|Any CPU
		{9EE5AB5A-6197-40F4-89EF-6043B36AB402}.Debug|Any CPU.ActiveCfg = Debug|Any CPU
		{9EE5AB5A-6197-40F4-89EF-6043B36AB402}.Debug|Any CPU.Build.0 = Debug|Any CPU
		{9EE5AB5A-6197-40F4-89EF-6043B36AB402}.Release|Any CPU.ActiveCfg = Release|Any CPU
		{9EE5AB5A-6197-40F4-89EF-6043B36AB402}.Release|Any CPU.Build.0 = Release|Any CPU
	EndGlobalSection
	GlobalSection(SolutionProperties) = preSolution
		HideSolutionNode = FALSE
	EndGlobalSection
	GlobalSection(ExtensibilityGlobals) = postSolution
		SolutionGuid = {65D7E8DE-9AB1-4C7C-9B08-D22503BF762A}
	EndGlobalSection
EndGlobal
